
Microsoft Visual Studio Solution File, Format Version 12.00
# Visual Studio Version 17
VisualStudioVersion = 17.14.36511.14 d17.14
MinimumVisualStudioVersion = 10.0.40219.1
Project("{FAE04EC0-301F-11D3-BF4B-00C04F79EFBC}") = "Lab_06", "Lab_06\Lab_06.csproj", "{29B7D561-0F2B-4E96-B6A1-C3EC715E3A9F}"
EndProject
Global
	GlobalSection(SolutionConfigurationPlatforms) = preSolution
		Debug|x86 = Debug|x86
		Release|x86 = Release|x86
	EndGlobalSection
	GlobalSection(ProjectConfigurationPlatforms) = postSolution
		{29B7D561-0F2B-4E96-B6A1-C3EC715E3A9F}.Debug|x86.ActiveCfg = Debug|x86
		{29B7D561-0F2B-4E96-B6A1-C3EC715E3A9F}.Debug|x86.Build.0 = Debug|x86
		{29B7D561-0F2B-4E96-B6A1-C3EC715E3A9F}.Release|x86.ActiveCfg = Release|x86
		{29B7D561-0F2B-4E96-B6A1-C3EC715E3A9F}.Release|x86.Build.0 = Release|x86
	EndGlobalSection
	GlobalSection(SolutionProperties) = preSolution
		HideSolutionNode = FALSE
	EndGlobalSection
	GlobalSection(ExtensibilityGlobals) = postSolution
		SolutionGuid = {ED388F81-C6CA-461F-A830-26118B1F0817}
	EndGlobalSection
EndGlobal
